
Microsoft Visual Studio Solution File, Format Version 12.00
# Visual Studio Version 16
VisualStudioVersion = 16.0.32228.343
MinimumVisualStudioVersion = 10.0.40219.1
Project("{FAE04EC0-301F-11D3-BF4B-00C04F79EFBC}") = "_07_Arithmetic", "_07_Arithmetic.csproj", "{6BEFECB7-B6DE-4C96-BC83-600D13C7F8F1}"
EndProject
Global
	GlobalSection(SolutionConfigurationPlatforms) = preSolution
		Debug|Any CPU = Debug|Any CPU
		Release|Any CPU = Release|Any CPU
	EndGlobalSection
	GlobalSection(ProjectConfigurationPlatforms) = postSolution
		{6BEFECB7-B6DE-4C96-BC83-600D13C7F8F1}.Debug|Any CPU.ActiveCfg = Debug|Any CPU
		{6BEFECB7-B6DE-4C96-BC83-600D13C7F8F1}.Debug|Any CPU.Build.0 = Debug|Any CPU
		{6BEFECB7-B6DE-4C96-BC83-600D13C7F8F1}.Release|Any CPU.ActiveCfg = Release|Any CPU
		{6BEFECB7-B6DE-4C96-BC83-600D13C7F8F1}.Release|Any CPU.Build.0 = Release|Any CPU
	EndGlobalSection
	GlobalSection(SolutionProperties) = preSolution
		HideSolutionNode = FALSE
	EndGlobalSection
	GlobalSection(ExtensibilityGlobals) = postSolution
		SolutionGuid = {D8B9E99F-290E-40A7-9CF6-E627F0C09861}
	EndGlobalSection
EndGlobal
