
Microsoft Visual Studio Solution File, Format Version 12.00
# Visual Studio Version 16
VisualStudioVersion = 16.0.32228.343
MinimumVisualStudioVersion = 10.0.40219.1
Project("{FAE04EC0-301F-11D3-BF4B-00C04F79EFBC}") = "_01_JokesWebApp", "_01_JokesWebApp.csproj", "{B928834F-1008-4F19-9AE3-0968C4C43DCD}"
EndProject
Global
	GlobalSection(SolutionConfigurationPlatforms) = preSolution
		Debug|Any CPU = Debug|Any CPU
		Release|Any CPU = Release|Any CPU
	EndGlobalSection
	GlobalSection(ProjectConfigurationPlatforms) = postSolution
		{B928834F-1008-4F19-9AE3-0968C4C43DCD}.Debug|Any CPU.ActiveCfg = Debug|Any CPU
		{B928834F-1008-4F19-9AE3-0968C4C43DCD}.Debug|Any CPU.Build.0 = Debug|Any CPU
		{B928834F-1008-4F19-9AE3-0968C4C43DCD}.Release|Any CPU.ActiveCfg = Release|Any CPU
		{B928834F-1008-4F19-9AE3-0968C4C43DCD}.Release|Any CPU.Build.0 = Release|Any CPU
	EndGlobalSection
	GlobalSection(SolutionProperties) = preSolution
		HideSolutionNode = FALSE
	EndGlobalSection
	GlobalSection(ExtensibilityGlobals) = postSolution
		SolutionGuid = {7214A8CC-B1EC-4686-A80F-9D5BD2648F4D}
	EndGlobalSection
EndGlobal
