
Microsoft Visual Studio Solution File, Format Version 12.00
# Visual Studio Version 16
VisualStudioVersion = 16.0.32228.343
MinimumVisualStudioVersion = 10.0.40219.1
Project("{FAE04EC0-301F-11D3-BF4B-00C04F79EFBC}") = "04_EmployingArrays", "04_EmployingArrays.csproj", "{A1D68FF4-69F4-4EC7-9A03-FACF3EFE18E5}"
EndProject
Global
	GlobalSection(SolutionConfigurationPlatforms) = preSolution
		Debug|Any CPU = Debug|Any CPU
		Release|Any CPU = Release|Any CPU
	EndGlobalSection
	GlobalSection(ProjectConfigurationPlatforms) = postSolution
		{A1D68FF4-69F4-4EC7-9A03-FACF3EFE18E5}.Debug|Any CPU.ActiveCfg = Debug|Any CPU
		{A1D68FF4-69F4-4EC7-9A03-FACF3EFE18E5}.Debug|Any CPU.Build.0 = Debug|Any CPU
		{A1D68FF4-69F4-4EC7-9A03-FACF3EFE18E5}.Release|Any CPU.ActiveCfg = Release|Any CPU
		{A1D68FF4-69F4-4EC7-9A03-FACF3EFE18E5}.Release|Any CPU.Build.0 = Release|Any CPU
	EndGlobalSection
	GlobalSection(SolutionProperties) = preSolution
		HideSolutionNode = FALSE
	EndGlobalSection
	GlobalSection(ExtensibilityGlobals) = postSolution
		SolutionGuid = {477B9EAB-6074-4672-BCF5-10F744FC7AF3}
	EndGlobalSection
EndGlobal
