
Microsoft Visual Studio Solution File, Format Version 12.00
# Visual Studio Version 16
VisualStudioVersion = 16.0.32228.343
MinimumVisualStudioVersion = 10.0.40219.1
Project("{FAE04EC0-301F-11D3-BF4B-00C04F79EFBC}") = "02_CreatingVariables", "02_CreatingVariables.csproj", "{CD550DBA-3ECB-4036-9468-69FB18BA0219}"
EndProject
Global
	GlobalSection(SolutionConfigurationPlatforms) = preSolution
		Debug|Any CPU = Debug|Any CPU
		Release|Any CPU = Release|Any CPU
	EndGlobalSection
	GlobalSection(ProjectConfigurationPlatforms) = postSolution
		{CD550DBA-3ECB-4036-9468-69FB18BA0219}.Debug|Any CPU.ActiveCfg = Debug|Any CPU
		{CD550DBA-3ECB-4036-9468-69FB18BA0219}.Debug|Any CPU.Build.0 = Debug|Any CPU
		{CD550DBA-3ECB-4036-9468-69FB18BA0219}.Release|Any CPU.ActiveCfg = Release|Any CPU
		{CD550DBA-3ECB-4036-9468-69FB18BA0219}.Release|Any CPU.Build.0 = Release|Any CPU
	EndGlobalSection
	GlobalSection(SolutionProperties) = preSolution
		HideSolutionNode = FALSE
	EndGlobalSection
	GlobalSection(ExtensibilityGlobals) = postSolution
		SolutionGuid = {B37B80F2-7849-41A6-9A36-43B797A4D793}
	EndGlobalSection
EndGlobal
