
Microsoft Visual Studio Solution File, Format Version 12.00
# Visual Studio Version 16
VisualStudioVersion = 16.0.32228.343
MinimumVisualStudioVersion = 10.0.40219.1
Project("{FAE04EC0-301F-11D3-BF4B-00C04F79EFBC}") = "_017_FindSubStrings", "_017_FindSubStrings.csproj", "{3FE0EC86-F1EF-4385-AD4B-6A48619FB940}"
EndProject
Global
	GlobalSection(SolutionConfigurationPlatforms) = preSolution
		Debug|Any CPU = Debug|Any CPU
		Release|Any CPU = Release|Any CPU
	EndGlobalSection
	GlobalSection(ProjectConfigurationPlatforms) = postSolution
		{3FE0EC86-F1EF-4385-AD4B-6A48619FB940}.Debug|Any CPU.ActiveCfg = Debug|Any CPU
		{3FE0EC86-F1EF-4385-AD4B-6A48619FB940}.Debug|Any CPU.Build.0 = Debug|Any CPU
		{3FE0EC86-F1EF-4385-AD4B-6A48619FB940}.Release|Any CPU.ActiveCfg = Release|Any CPU
		{3FE0EC86-F1EF-4385-AD4B-6A48619FB940}.Release|Any CPU.Build.0 = Release|Any CPU
	EndGlobalSection
	GlobalSection(SolutionProperties) = preSolution
		HideSolutionNode = FALSE
	EndGlobalSection
	GlobalSection(ExtensibilityGlobals) = postSolution
		SolutionGuid = {2F417AC3-C46A-4311-A40F-5A4AEC9F2F9A}
	EndGlobalSection
EndGlobal
