
Microsoft Visual Studio Solution File, Format Version 12.00
# Visual Studio Version 16
VisualStudioVersion = 16.0.32413.511
MinimumVisualStudioVersion = 10.0.40219.1
Project("{FAE04EC0-301F-11D3-BF4B-00C04F79EFBC}") = "_027_EncapData", "_027_EncapData.csproj", "{C36ED8EB-90BC-46AE-A864-7A89F88F456A}"
EndProject
Global
	GlobalSection(SolutionConfigurationPlatforms) = preSolution
		Debug|Any CPU = Debug|Any CPU
		Release|Any CPU = Release|Any CPU
	EndGlobalSection
	GlobalSection(ProjectConfigurationPlatforms) = postSolution
		{C36ED8EB-90BC-46AE-A864-7A89F88F456A}.Debug|Any CPU.ActiveCfg = Debug|Any CPU
		{C36ED8EB-90BC-46AE-A864-7A89F88F456A}.Debug|Any CPU.Build.0 = Debug|Any CPU
		{C36ED8EB-90BC-46AE-A864-7A89F88F456A}.Release|Any CPU.ActiveCfg = Release|Any CPU
		{C36ED8EB-90BC-46AE-A864-7A89F88F456A}.Release|Any CPU.Build.0 = Release|Any CPU
	EndGlobalSection
	GlobalSection(SolutionProperties) = preSolution
		HideSolutionNode = FALSE
	EndGlobalSection
	GlobalSection(ExtensibilityGlobals) = postSolution
		SolutionGuid = {1D9FF015-53BA-45A4-B3D9-9E37DBB6F8C9}
	EndGlobalSection
EndGlobal
