
Microsoft Visual Studio Solution File, Format Version 12.00
# Visual Studio Version 16
VisualStudioVersion = 16.0.32228.343
MinimumVisualStudioVersion = 10.0.40219.1
Project("{FAE04EC0-301F-11D3-BF4B-00C04F79EFBC}") = "_013_stringFeatures", "_013_stringFeatures.csproj", "{33BB46E6-25B0-4CB8-9703-94D6B2C377FD}"
EndProject
Global
	GlobalSection(SolutionConfigurationPlatforms) = preSolution
		Debug|Any CPU = Debug|Any CPU
		Release|Any CPU = Release|Any CPU
	EndGlobalSection
	GlobalSection(ProjectConfigurationPlatforms) = postSolution
		{33BB46E6-25B0-4CB8-9703-94D6B2C377FD}.Debug|Any CPU.ActiveCfg = Debug|Any CPU
		{33BB46E6-25B0-4CB8-9703-94D6B2C377FD}.Debug|Any CPU.Build.0 = Debug|Any CPU
		{33BB46E6-25B0-4CB8-9703-94D6B2C377FD}.Release|Any CPU.ActiveCfg = Release|Any CPU
		{33BB46E6-25B0-4CB8-9703-94D6B2C377FD}.Release|Any CPU.Build.0 = Release|Any CPU
	EndGlobalSection
	GlobalSection(SolutionProperties) = preSolution
		HideSolutionNode = FALSE
	EndGlobalSection
	GlobalSection(ExtensibilityGlobals) = postSolution
		SolutionGuid = {AD8B0824-7D8E-461C-8AD7-A7FFD3677E67}
	EndGlobalSection
EndGlobal
