
Microsoft Visual Studio Solution File, Format Version 12.00
# Visual Studio Version 16
VisualStudioVersion = 16.0.32228.343
MinimumVisualStudioVersion = 10.0.40219.1
Project("{FAE04EC0-301F-11D3-BF4B-00C04F79EFBC}") = "_011_functions", "_011_functions.csproj", "{278C6408-889A-4497-BE7B-B1BFE94712A9}"
EndProject
Global
	GlobalSection(SolutionConfigurationPlatforms) = preSolution
		Debug|Any CPU = Debug|Any CPU
		Release|Any CPU = Release|Any CPU
	EndGlobalSection
	GlobalSection(ProjectConfigurationPlatforms) = postSolution
		{278C6408-889A-4497-BE7B-B1BFE94712A9}.Debug|Any CPU.ActiveCfg = Debug|Any CPU
		{278C6408-889A-4497-BE7B-B1BFE94712A9}.Debug|Any CPU.Build.0 = Debug|Any CPU
		{278C6408-889A-4497-BE7B-B1BFE94712A9}.Release|Any CPU.ActiveCfg = Release|Any CPU
		{278C6408-889A-4497-BE7B-B1BFE94712A9}.Release|Any CPU.Build.0 = Release|Any CPU
	EndGlobalSection
	GlobalSection(SolutionProperties) = preSolution
		HideSolutionNode = FALSE
	EndGlobalSection
	GlobalSection(ExtensibilityGlobals) = postSolution
		SolutionGuid = {1744D2E7-D295-4EC2-B032-7DFD15C3B69C}
	EndGlobalSection
EndGlobal
