
Microsoft Visual Studio Solution File, Format Version 12.00
# Visual Studio Version 16
VisualStudioVersion = 16.0.32228.343
MinimumVisualStudioVersion = 10.0.40219.1
Project("{FAE04EC0-301F-11D3-BF4B-00C04F79EFBC}") = "_012_RefactoringCode", "_012_RefactoringCode.csproj", "{1A0AF9A8-8E3E-423F-A4CF-539595119299}"
EndProject
Global
	GlobalSection(SolutionConfigurationPlatforms) = preSolution
		Debug|Any CPU = Debug|Any CPU
		Release|Any CPU = Release|Any CPU
	EndGlobalSection
	GlobalSection(ProjectConfigurationPlatforms) = postSolution
		{1A0AF9A8-8E3E-423F-A4CF-539595119299}.Debug|Any CPU.ActiveCfg = Debug|Any CPU
		{1A0AF9A8-8E3E-423F-A4CF-539595119299}.Debug|Any CPU.Build.0 = Debug|Any CPU
		{1A0AF9A8-8E3E-423F-A4CF-539595119299}.Release|Any CPU.ActiveCfg = Release|Any CPU
		{1A0AF9A8-8E3E-423F-A4CF-539595119299}.Release|Any CPU.Build.0 = Release|Any CPU
	EndGlobalSection
	GlobalSection(SolutionProperties) = preSolution
		HideSolutionNode = FALSE
	EndGlobalSection
	GlobalSection(ExtensibilityGlobals) = postSolution
		SolutionGuid = {84D6BD9D-D7F8-48DD-B77F-5089F08907C9}
	EndGlobalSection
EndGlobal
